// !$*UTF8*$!
{
	archiveVersion = 1;
	classes = {
	};
	objectVersion = 56;
	objects = {

/* Begin PBXBuildFile section */
		2A01D5862B7A1FBA00EA5CE4 /* NetworkManager.swift in Sources */ = {isa = PBXBuildFile; fileRef = 2A01D5852B7A1FBA00EA5CE4 /* NetworkManager.swift */; };
		2A01D5882B7A2F0200EA5CE4 /* Enum.swift in Sources */ = {isa = PBXBuildFile; fileRef = 2A01D5872B7A2F0200EA5CE4 /* Enum.swift */; };
		2A01D58C2B7A774700EA5CE4 /* CategoryTableViewCell.swift in Sources */ = {isa = PBXBuildFile; fileRef = 2A01D58A2B7A774700EA5CE4 /* CategoryTableViewCell.swift */; };
		2A01D58D2B7A774700EA5CE4 /* CategoryTableViewCell.xib in Resources */ = {isa = PBXBuildFile; fileRef = 2A01D58B2B7A774700EA5CE4 /* CategoryTableViewCell.xib */; };
		2A546A082B7B4B47007240BA /* Builder.swift in Sources */ = {isa = PBXBuildFile; fileRef = 2A546A072B7B4B47007240BA /* Builder.swift */; };
		2A546A0C2B7B4F40007240BA /* KBCategoryInteractor.swift in Sources */ = {isa = PBXBuildFile; fileRef = 2A546A0B2B7B4F40007240BA /* KBCategoryInteractor.swift */; };
		2A7261D42B7E50470023FFA5 /* KBCategoryPath.swift in Sources */ = {isa = PBXBuildFile; fileRef = 2A7261D32B7E50470023FFA5 /* KBCategoryPath.swift */; };
		2A73A2AB2B83100E00131511 /* CommonViewController.swift in Sources */ = {isa = PBXBuildFile; fileRef = 2A73A2AA2B83100E00131511 /* CommonViewController.swift */; };
		2A73A2B22B837FE600131511 /* AssociatedDepartmentId+CoreDataProperties.swift in Sources */ = {isa = PBXBuildFile; fileRef = 2A73A2AE2B837FE600131511 /* AssociatedDepartmentId+CoreDataProperties.swift */; };
		2A73A2B32B837FE600131511 /* AssociatedDepartmentId+CoreDataClass.swift in Sources */ = {isa = PBXBuildFile; fileRef = 2A73A2AF2B837FE600131511 /* AssociatedDepartmentId+CoreDataClass.swift */; };
		2A73A2B42B837FE600131511 /* KBCategoriesModal+CoreDataProperties.swift in Sources */ = {isa = PBXBuildFile; fileRef = 2A73A2B02B837FE600131511 /* KBCategoriesModal+CoreDataProperties.swift */; };
		2A73A2B52B837FE600131511 /* KBCategoriesModal+CoreDataClass.swift in Sources */ = {isa = PBXBuildFile; fileRef = 2A73A2B12B837FE600131511 /* KBCategoriesModal+CoreDataClass.swift */; };
		2A73A2B72B837FFA00131511 /* CoreDataManager.swift in Sources */ = {isa = PBXBuildFile; fileRef = 2A73A2B62B837FFA00131511 /* CoreDataManager.swift */; };
		2ACE33F72B7F3BF6004704CE /* ArticleListViewController.swift in Sources */ = {isa = PBXBuildFile; fileRef = 2ACE33F62B7F3BF6004704CE /* ArticleListViewController.swift */; };
		2ACE33FB2B7F3DB5004704CE /* ArticleTableViewCell.swift in Sources */ = {isa = PBXBuildFile; fileRef = 2ACE33F92B7F3DB5004704CE /* ArticleTableViewCell.swift */; };
		2ACE33FC2B7F3DB5004704CE /* ArticleTableViewCell.xib in Resources */ = {isa = PBXBuildFile; fileRef = 2ACE33FA2B7F3DB5004704CE /* ArticleTableViewCell.xib */; };
		8B085414733B9B1EC68BDA0F /* Pods_KBDashBoard.framework in Frameworks */ = {isa = PBXBuildFile; fileRef = 6E80A4580B35E511173C07D7 /* Pods_KBDashBoard.framework */; };
		C344759C2B760C76008782B0 /* AppDelegate.swift in Sources */ = {isa = PBXBuildFile; fileRef = C344759B2B760C76008782B0 /* AppDelegate.swift */; };
		C344759E2B760C76008782B0 /* SceneDelegate.swift in Sources */ = {isa = PBXBuildFile; fileRef = C344759D2B760C76008782B0 /* SceneDelegate.swift */; };
		C34475A02B760C76008782B0 /* SelectPlatformViewController.swift in Sources */ = {isa = PBXBuildFile; fileRef = C344759F2B760C76008782B0 /* SelectPlatformViewController.swift */; };
		C34475A32B760C76008782B0 /* Main.storyboard in Resources */ = {isa = PBXBuildFile; fileRef = C34475A12B760C76008782B0 /* Main.storyboard */; };
		C34475A62B760C76008782B0 /* KBDashBoard.xcdatamodeld in Sources */ = {isa = PBXBuildFile; fileRef = C34475A42B760C76008782B0 /* KBDashBoard.xcdatamodeld */; };
		C34475A82B760C78008782B0 /* Assets.xcassets in Resources */ = {isa = PBXBuildFile; fileRef = C34475A72B760C78008782B0 /* Assets.xcassets */; };
		C34475AB2B760C78008782B0 /* LaunchScreen.storyboard in Resources */ = {isa = PBXBuildFile; fileRef = C34475A92B760C78008782B0 /* LaunchScreen.storyboard */; };
		C34475B32B761BBC008782B0 /* ArticleCategoryViewController.swift in Sources */ = {isa = PBXBuildFile; fileRef = C34475B22B761BBC008782B0 /* ArticleCategoryViewController.swift */; };
		C34475B62B761DBC008782B0 /* KBCategoriesModal.swift in Sources */ = {isa = PBXBuildFile; fileRef = C34475B52B761DBC008782B0 /* KBCategoriesModal.swift */; };
/* End PBXBuildFile section */

/* Begin PBXFileReference section */
		144EAB19D9F6C90EAC42B6DE /* Pods-KBDashBoard.release.xcconfig */ = {isa = PBXFileReference; includeInIndex = 1; lastKnownFileType = text.xcconfig; name = "Pods-KBDashBoard.release.xcconfig"; path = "Target Support Files/Pods-KBDashBoard/Pods-KBDashBoard.release.xcconfig"; sourceTree = "<group>"; };
		2A01D5852B7A1FBA00EA5CE4 /* NetworkManager.swift */ = {isa = PBXFileReference; lastKnownFileType = sourcecode.swift; path = NetworkManager.swift; sourceTree = "<group>"; };
		2A01D5872B7A2F0200EA5CE4 /* Enum.swift */ = {isa = PBXFileReference; lastKnownFileType = sourcecode.swift; path = Enum.swift; sourceTree = "<group>"; };
		2A01D58A2B7A774700EA5CE4 /* CategoryTableViewCell.swift */ = {isa = PBXFileReference; lastKnownFileType = sourcecode.swift; path = CategoryTableViewCell.swift; sourceTree = "<group>"; };
		2A01D58B2B7A774700EA5CE4 /* CategoryTableViewCell.xib */ = {isa = PBXFileReference; lastKnownFileType = file.xib; path = CategoryTableViewCell.xib; sourceTree = "<group>"; };
		2A546A072B7B4B47007240BA /* Builder.swift */ = {isa = PBXFileReference; lastKnownFileType = sourcecode.swift; path = Builder.swift; sourceTree = "<group>"; };
		2A546A0B2B7B4F40007240BA /* KBCategoryInteractor.swift */ = {isa = PBXFileReference; lastKnownFileType = sourcecode.swift; path = KBCategoryInteractor.swift; sourceTree = "<group>"; };
		2A7261D32B7E50470023FFA5 /* KBCategoryPath.swift */ = {isa = PBXFileReference; lastKnownFileType = sourcecode.swift; path = KBCategoryPath.swift; sourceTree = "<group>"; };
		2A73A2AA2B83100E00131511 /* CommonViewController.swift */ = {isa = PBXFileReference; lastKnownFileType = sourcecode.swift; path = CommonViewController.swift; sourceTree = "<group>"; };
		2A73A2AE2B837FE600131511 /* AssociatedDepartmentId+CoreDataProperties.swift */ = {isa = PBXFileReference; fileEncoding = 4; lastKnownFileType = sourcecode.swift; path = "AssociatedDepartmentId+CoreDataProperties.swift"; sourceTree = "<group>"; };
		2A73A2AF2B837FE600131511 /* AssociatedDepartmentId+CoreDataClass.swift */ = {isa = PBXFileReference; fileEncoding = 4; lastKnownFileType = sourcecode.swift; path = "AssociatedDepartmentId+CoreDataClass.swift"; sourceTree = "<group>"; };
		2A73A2B02B837FE600131511 /* KBCategoriesModal+CoreDataProperties.swift */ = {isa = PBXFileReference; fileEncoding = 4; lastKnownFileType = sourcecode.swift; path = "KBCategoriesModal+CoreDataProperties.swift"; sourceTree = "<group>"; };
		2A73A2B12B837FE600131511 /* KBCategoriesModal+CoreDataClass.swift */ = {isa = PBXFileReference; fileEncoding = 4; lastKnownFileType = sourcecode.swift; path = "KBCategoriesModal+CoreDataClass.swift"; sourceTree = "<group>"; };
		2A73A2B62B837FFA00131511 /* CoreDataManager.swift */ = {isa = PBXFileReference; lastKnownFileType = sourcecode.swift; path = CoreDataManager.swift; sourceTree = "<group>"; };
		2ACE33F62B7F3BF6004704CE /* ArticleListViewController.swift */ = {isa = PBXFileReference; lastKnownFileType = sourcecode.swift; path = ArticleListViewController.swift; sourceTree = "<group>"; };
		2ACE33F92B7F3DB5004704CE /* ArticleTableViewCell.swift */ = {isa = PBXFileReference; lastKnownFileType = sourcecode.swift; path = ArticleTableViewCell.swift; sourceTree = "<group>"; };
		2ACE33FA2B7F3DB5004704CE /* ArticleTableViewCell.xib */ = {isa = PBXFileReference; lastKnownFileType = file.xib; path = ArticleTableViewCell.xib; sourceTree = "<group>"; };
		48D920BABF454F1DC8811FC0 /* Pods-KBDashBoard.debug.xcconfig */ = {isa = PBXFileReference; includeInIndex = 1; lastKnownFileType = text.xcconfig; name = "Pods-KBDashBoard.debug.xcconfig"; path = "Target Support Files/Pods-KBDashBoard/Pods-KBDashBoard.debug.xcconfig"; sourceTree = "<group>"; };
		6E80A4580B35E511173C07D7 /* Pods_KBDashBoard.framework */ = {isa = PBXFileReference; explicitFileType = wrapper.framework; includeInIndex = 0; path = Pods_KBDashBoard.framework; sourceTree = BUILT_PRODUCTS_DIR; };
		C34475982B760C76008782B0 /* KBDashBoard.app */ = {isa = PBXFileReference; explicitFileType = wrapper.application; includeInIndex = 0; path = KBDashBoard.app; sourceTree = BUILT_PRODUCTS_DIR; };
		C344759B2B760C76008782B0 /* AppDelegate.swift */ = {isa = PBXFileReference; lastKnownFileType = sourcecode.swift; path = AppDelegate.swift; sourceTree = "<group>"; };
		C344759D2B760C76008782B0 /* SceneDelegate.swift */ = {isa = PBXFileReference; lastKnownFileType = sourcecode.swift; path = SceneDelegate.swift; sourceTree = "<group>"; };
		C344759F2B760C76008782B0 /* SelectPlatformViewController.swift */ = {isa = PBXFileReference; lastKnownFileType = sourcecode.swift; path = SelectPlatformViewController.swift; sourceTree = "<group>"; };
		C34475A22B760C76008782B0 /* Base */ = {isa = PBXFileReference; lastKnownFileType = file.storyboard; name = Base; path = Base.lproj/Main.storyboard; sourceTree = "<group>"; };
		C34475A52B760C76008782B0 /* KBDashBoard.xcdatamodel */ = {isa = PBXFileReference; lastKnownFileType = wrapper.xcdatamodel; path = KBDashBoard.xcdatamodel; sourceTree = "<group>"; };
		C34475A72B760C78008782B0 /* Assets.xcassets */ = {isa = PBXFileReference; lastKnownFileType = folder.assetcatalog; path = Assets.xcassets; sourceTree = "<group>"; };
		C34475AA2B760C78008782B0 /* Base */ = {isa = PBXFileReference; lastKnownFileType = file.storyboard; name = Base; path = Base.lproj/LaunchScreen.storyboard; sourceTree = "<group>"; };
		C34475AC2B760C78008782B0 /* Info.plist */ = {isa = PBXFileReference; lastKnownFileType = text.plist.xml; path = Info.plist; sourceTree = "<group>"; };
		C34475B22B761BBC008782B0 /* ArticleCategoryViewController.swift */ = {isa = PBXFileReference; lastKnownFileType = sourcecode.swift; path = ArticleCategoryViewController.swift; sourceTree = "<group>"; };
		C34475B52B761DBC008782B0 /* KBCategoriesModal.swift */ = {isa = PBXFileReference; lastKnownFileType = sourcecode.swift; path = KBCategoriesModal.swift; sourceTree = "<group>"; };
/* End PBXFileReference section */

/* Begin PBXFrameworksBuildPhase section */
		C34475952B760C76008782B0 /* Frameworks */ = {
			isa = PBXFrameworksBuildPhase;
			buildActionMask = 2147483647;
			files = (
				8B085414733B9B1EC68BDA0F /* Pods_KBDashBoard.framework in Frameworks */,
			);
			runOnlyForDeploymentPostprocessing = 0;
		};
/* End PBXFrameworksBuildPhase section */

/* Begin PBXGroup section */
		2A01D5842B7A1E1E00EA5CE4 /* NetworkLayer */ = {
			isa = PBXGroup;
			children = (
				2A7261D22B7E4FFD0023FFA5 /* NetworkPath */,
				2A01D5852B7A1FBA00EA5CE4 /* NetworkManager.swift */,
			);
			path = NetworkLayer;
			sourceTree = "<group>";
		};
		2A01D5892B7A772400EA5CE4 /* TableCell */ = {
			isa = PBXGroup;
			children = (
				2ACE33F82B7F3D8D004704CE /* ArticleTableViewCell */,
				2A546A052B7B455F007240BA /* CategoryTableViewCell */,
			);
			path = TableCell;
			sourceTree = "<group>";
		};
		2A546A052B7B455F007240BA /* CategoryTableViewCell */ = {
			isa = PBXGroup;
			children = (
				2A01D58B2B7A774700EA5CE4 /* CategoryTableViewCell.xib */,
				2A01D58A2B7A774700EA5CE4 /* CategoryTableViewCell.swift */,
			);
			path = CategoryTableViewCell;
			sourceTree = "<group>";
		};
		2A546A062B7B4B0D007240BA /* Builder */ = {
			isa = PBXGroup;
			children = (
				2A546A072B7B4B47007240BA /* Builder.swift */,
			);
			path = Builder;
			sourceTree = "<group>";
		};
		2A546A092B7B4C5E007240BA /* ViewController */ = {
			isa = PBXGroup;
			children = (
				2A73A2A92B830FE400131511 /* Common */,
				C344759F2B760C76008782B0 /* SelectPlatformViewController.swift */,
				C34475B22B761BBC008782B0 /* ArticleCategoryViewController.swift */,
				2ACE33F62B7F3BF6004704CE /* ArticleListViewController.swift */,
			);
			path = ViewController;
			sourceTree = "<group>";
		};
		2A546A0A2B7B4CA7007240BA /* Interactor */ = {
			isa = PBXGroup;
			children = (
				2A546A0B2B7B4F40007240BA /* KBCategoryInteractor.swift */,
			);
			path = Interactor;
			sourceTree = "<group>";
		};
		2A7261D22B7E4FFD0023FFA5 /* NetworkPath */ = {
			isa = PBXGroup;
			children = (
				2A7261D32B7E50470023FFA5 /* KBCategoryPath.swift */,
			);
			path = NetworkPath;
			sourceTree = "<group>";
		};
		2A73A2A92B830FE400131511 /* Common */ = {
			isa = PBXGroup;
			children = (
				2A73A2AA2B83100E00131511 /* CommonViewController.swift */,
			);
			path = Common;
			sourceTree = "<group>";
		};
		2A73A2AC2B837FC500131511 /* CoreData */ = {
			isa = PBXGroup;
			children = (
				2A73A2AD2B837FCF00131511 /* CoreDataModals */,
				2A73A2B62B837FFA00131511 /* CoreDataManager.swift */,
			);
			path = CoreData;
			sourceTree = "<group>";
		};
		2A73A2AD2B837FCF00131511 /* CoreDataModals */ = {
			isa = PBXGroup;
			children = (
				2A73A2AF2B837FE600131511 /* AssociatedDepartmentId+CoreDataClass.swift */,
				2A73A2AE2B837FE600131511 /* AssociatedDepartmentId+CoreDataProperties.swift */,
				2A73A2B12B837FE600131511 /* KBCategoriesModal+CoreDataClass.swift */,
				2A73A2B02B837FE600131511 /* KBCategoriesModal+CoreDataProperties.swift */,
			);
			path = CoreDataModals;
			sourceTree = "<group>";
		};
		2ACE33F82B7F3D8D004704CE /* ArticleTableViewCell */ = {
			isa = PBXGroup;
			children = (
				2ACE33F92B7F3DB5004704CE /* ArticleTableViewCell.swift */,
				2ACE33FA2B7F3DB5004704CE /* ArticleTableViewCell.xib */,
			);
			path = ArticleTableViewCell;
			sourceTree = "<group>";
		};
		50C5CBF11042BBA853F06E72 /* Frameworks */ = {
			isa = PBXGroup;
			children = (
				6E80A4580B35E511173C07D7 /* Pods_KBDashBoard.framework */,
			);
			name = Frameworks;
			sourceTree = "<group>";
		};
		C344758F2B760C76008782B0 = {
			isa = PBXGroup;
			children = (
				C344759A2B760C76008782B0 /* KBDashBoard */,
				C34475992B760C76008782B0 /* Products */,
				E694242C1A42212CDE14D4B8 /* Pods */,
				50C5CBF11042BBA853F06E72 /* Frameworks */,
			);
			sourceTree = "<group>";
		};
		C34475992B760C76008782B0 /* Products */ = {
			isa = PBXGroup;
			children = (
				C34475982B760C76008782B0 /* KBDashBoard.app */,
			);
			name = Products;
			sourceTree = "<group>";
		};
		C344759A2B760C76008782B0 /* KBDashBoard */ = {
			isa = PBXGroup;
			children = (
				2A73A2AC2B837FC500131511 /* CoreData */,
				2A01D5892B7A772400EA5CE4 /* TableCell */,
				2A546A062B7B4B0D007240BA /* Builder */,
				C34475B42B761D86008782B0 /* DataModal */,
				2A01D5842B7A1E1E00EA5CE4 /* NetworkLayer */,
				2A546A0A2B7B4CA7007240BA /* Interactor */,
				2A546A092B7B4C5E007240BA /* ViewController */,
				C344759B2B760C76008782B0 /* AppDelegate.swift */,
				C344759D2B760C76008782B0 /* SceneDelegate.swift */,
				2A01D5872B7A2F0200EA5CE4 /* Enum.swift */,
				C34475A12B760C76008782B0 /* Main.storyboard */,
				C34475A72B760C78008782B0 /* Assets.xcassets */,
				C34475A92B760C78008782B0 /* LaunchScreen.storyboard */,
				C34475AC2B760C78008782B0 /* Info.plist */,
				C34475A42B760C76008782B0 /* KBDashBoard.xcdatamodeld */,
			);
			path = KBDashBoard;
			sourceTree = "<group>";
		};
		C34475B42B761D86008782B0 /* DataModal */ = {
			isa = PBXGroup;
			children = (
				C34475B52B761DBC008782B0 /* KBCategoriesModal.swift */,
			);
			path = DataModal;
			sourceTree = "<group>";
		};
		E694242C1A42212CDE14D4B8 /* Pods */ = {
			isa = PBXGroup;
			children = (
				48D920BABF454F1DC8811FC0 /* Pods-KBDashBoard.debug.xcconfig */,
				144EAB19D9F6C90EAC42B6DE /* Pods-KBDashBoard.release.xcconfig */,
			);
			path = Pods;
			sourceTree = "<group>";
		};
/* End PBXGroup section */

/* Begin PBXNativeTarget section */
		C34475972B760C76008782B0 /* KBDashBoard */ = {
			isa = PBXNativeTarget;
			buildConfigurationList = C34475AF2B760C78008782B0 /* Build configuration list for PBXNativeTarget "KBDashBoard" */;
			buildPhases = (
				29DB2D79ECA4BDCEC5A334FE /* [CP] Check Pods Manifest.lock */,
				C34475942B760C76008782B0 /* Sources */,
				C34475952B760C76008782B0 /* Frameworks */,
				C34475962B760C76008782B0 /* Resources */,
				1F2A973C38760B642D080463 /* [CP] Embed Pods Frameworks */,
			);
			buildRules = (
			);
			dependencies = (
			);
			name = KBDashBoard;
			productName = KBDashBoard;
			productReference = C34475982B760C76008782B0 /* KBDashBoard.app */;
			productType = "com.apple.product-type.application";
		};
/* End PBXNativeTarget section */

/* Begin PBXProject section */
		C34475902B760C76008782B0 /* Project object */ = {
			isa = PBXProject;
			attributes = {
				BuildIndependentTargetsInParallel = 1;
				LastSwiftUpdateCheck = 1510;
				LastUpgradeCheck = 1510;
				TargetAttributes = {
					C34475972B760C76008782B0 = {
						CreatedOnToolsVersion = 15.1;
					};
				};
			};
			buildConfigurationList = C34475932B760C76008782B0 /* Build configuration list for PBXProject "KBDashBoard" */;
			compatibilityVersion = "Xcode 14.0";
			developmentRegion = en;
			hasScannedForEncodings = 0;
			knownRegions = (
				en,
				Base,
			);
			mainGroup = C344758F2B760C76008782B0;
			productRefGroup = C34475992B760C76008782B0 /* Products */;
			projectDirPath = "";
			projectRoot = "";
			targets = (
				C34475972B760C76008782B0 /* KBDashBoard */,
			);
		};
/* End PBXProject section */

/* Begin PBXResourcesBuildPhase section */
		C34475962B760C76008782B0 /* Resources */ = {
			isa = PBXResourcesBuildPhase;
			buildActionMask = 2147483647;
			files = (
				2ACE33FC2B7F3DB5004704CE /* ArticleTableViewCell.xib in Resources */,
				2A01D58D2B7A774700EA5CE4 /* CategoryTableViewCell.xib in Resources */,
				C34475AB2B760C78008782B0 /* LaunchScreen.storyboard in Resources */,
				C34475A82B760C78008782B0 /* Assets.xcassets in Resources */,
				C34475A32B760C76008782B0 /* Main.storyboard in Resources */,
			);
			runOnlyForDeploymentPostprocessing = 0;
		};
/* End PBXResourcesBuildPhase section */

/* Begin PBXShellScriptBuildPhase section */
		1F2A973C38760B642D080463 /* [CP] Embed Pods Frameworks */ = {
			isa = PBXShellScriptBuildPhase;
			buildActionMask = 2147483647;
			files = (
			);
			inputFileListPaths = (
				"${PODS_ROOT}/Target Support Files/Pods-KBDashBoard/Pods-KBDashBoard-frameworks-${CONFIGURATION}-input-files.xcfilelist",
			);
			name = "[CP] Embed Pods Frameworks";
			outputFileListPaths = (
				"${PODS_ROOT}/Target Support Files/Pods-KBDashBoard/Pods-KBDashBoard-frameworks-${CONFIGURATION}-output-files.xcfilelist",
			);
			runOnlyForDeploymentPostprocessing = 0;
			shellPath = /bin/sh;
			shellScript = "\"${PODS_ROOT}/Target Support Files/Pods-KBDashBoard/Pods-KBDashBoard-frameworks.sh\"\n";
			showEnvVarsInLog = 0;
		};
		29DB2D79ECA4BDCEC5A334FE /* [CP] Check Pods Manifest.lock */ = {
			isa = PBXShellScriptBuildPhase;
			buildActionMask = 2147483647;
			files = (
			);
			inputFileListPaths = (
			);
			inputPaths = (
				"${PODS_PODFILE_DIR_PATH}/Podfile.lock",
				"${PODS_ROOT}/Manifest.lock",
			);
			name = "[CP] Check Pods Manifest.lock";
			outputFileListPaths = (
			);
			outputPaths = (
				"$(DERIVED_FILE_DIR)/Pods-KBDashBoard-checkManifestLockResult.txt",
			);
			runOnlyForDeploymentPostprocessing = 0;
			shellPath = /bin/sh;
			shellScript = "diff \"${PODS_PODFILE_DIR_PATH}/Podfile.lock\" \"${PODS_ROOT}/Manifest.lock\" > /dev/null\nif [ $? != 0 ] ; then\n    # print error to STDERR\n    echo \"error: The sandbox is not in sync with the Podfile.lock. Run 'pod install' or update your CocoaPods installation.\" >&2\n    exit 1\nfi\n# This output is used by Xcode 'outputs' to avoid re-running this script phase.\necho \"SUCCESS\" > \"${SCRIPT_OUTPUT_FILE_0}\"\n";
			showEnvVarsInLog = 0;
		};
/* End PBXShellScriptBuildPhase section */

/* Begin PBXSourcesBuildPhase section */
		C34475942B760C76008782B0 /* Sources */ = {
			isa = PBXSourcesBuildPhase;
			buildActionMask = 2147483647;
			files = (
				C34475B32B761BBC008782B0 /* ArticleCategoryViewController.swift in Sources */,
				C34475A02B760C76008782B0 /* SelectPlatformViewController.swift in Sources */,
				2A01D5882B7A2F0200EA5CE4 /* Enum.swift in Sources */,
				2A73A2AB2B83100E00131511 /* CommonViewController.swift in Sources */,
				2A73A2B32B837FE600131511 /* AssociatedDepartmentId+CoreDataClass.swift in Sources */,
				2A01D58C2B7A774700EA5CE4 /* CategoryTableViewCell.swift in Sources */,
				C34475B62B761DBC008782B0 /* KBCategoriesModal.swift in Sources */,
				2A73A2B22B837FE600131511 /* AssociatedDepartmentId+CoreDataProperties.swift in Sources */,
				2A546A0C2B7B4F40007240BA /* KBCategoryInteractor.swift in Sources */,
				2A01D5862B7A1FBA00EA5CE4 /* NetworkManager.swift in Sources */,
				C34475A62B760C76008782B0 /* KBDashBoard.xcdatamodeld in Sources */,
				C344759C2B760C76008782B0 /* AppDelegate.swift in Sources */,
				2A73A2B52B837FE600131511 /* KBCategoriesModal+CoreDataClass.swift in Sources */,
				2ACE33FB2B7F3DB5004704CE /* ArticleTableViewCell.swift in Sources */,
				C344759E2B760C76008782B0 /* SceneDelegate.swift in Sources */,
				2A546A082B7B4B47007240BA /* Builder.swift in Sources */,
				2A7261D42B7E50470023FFA5 /* KBCategoryPath.swift in Sources */,
				2A73A2B42B837FE600131511 /* KBCategoriesModal+CoreDataProperties.swift in Sources */,
				2A73A2B72B837FFA00131511 /* CoreDataManager.swift in Sources */,
				2ACE33F72B7F3BF6004704CE /* ArticleListViewController.swift in Sources */,
			);
			runOnlyForDeploymentPostprocessing = 0;
		};
/* End PBXSourcesBuildPhase section */

/* Begin PBXVariantGroup section */
		C34475A12B760C76008782B0 /* Main.storyboard */ = {
			isa = PBXVariantGroup;
			children = (
				C34475A22B760C76008782B0 /* Base */,
			);
			name = Main.storyboard;
			sourceTree = "<group>";
		};
		C34475A92B760C78008782B0 /* LaunchScreen.storyboard */ = {
			isa = PBXVariantGroup;
			children = (
				C34475AA2B760C78008782B0 /* Base */,
			);
			name = LaunchScreen.storyboard;
			sourceTree = "<group>";
		};
/* End PBXVariantGroup section */

/* Begin XCBuildConfiguration section */
		C34475AD2B760C78008782B0 /* Debug */ = {
			isa = XCBuildConfiguration;
			buildSettings = {
				ALWAYS_SEARCH_USER_PATHS = NO;
				ASSETCATALOG_COMPILER_GENERATE_SWIFT_ASSET_SYMBOL_EXTENSIONS = YES;
				CLANG_ANALYZER_NONNULL = YES;
				CLANG_ANALYZER_NUMBER_OBJECT_CONVERSION = YES_AGGRESSIVE;
				CLANG_CXX_LANGUAGE_STANDARD = "gnu++20";
				CLANG_ENABLE_MODULES = YES;
				CLANG_ENABLE_OBJC_ARC = YES;
				CLANG_ENABLE_OBJC_WEAK = YES;
				CLANG_WARN_BLOCK_CAPTURE_AUTORELEASING = YES;
				CLANG_WARN_BOOL_CONVERSION = YES;
				CLANG_WARN_COMMA = YES;
				CLANG_WARN_CONSTANT_CONVERSION = YES;
				CLANG_WARN_DEPRECATED_OBJC_IMPLEMENTATIONS = YES;
				CLANG_WARN_DIRECT_OBJC_ISA_USAGE = YES_ERROR;
				CLANG_WARN_DOCUMENTATION_COMMENTS = YES;
				CLANG_WARN_EMPTY_BODY = YES;
				CLANG_WARN_ENUM_CONVERSION = YES;
				CLANG_WARN_INFINITE_RECURSION = YES;
				CLANG_WARN_INT_CONVERSION = YES;
				CLANG_WARN_NON_LITERAL_NULL_CONVERSION = YES;
				CLANG_WARN_OBJC_IMPLICIT_RETAIN_SELF = YES;
				CLANG_WARN_OBJC_LITERAL_CONVERSION = YES;
				CLANG_WARN_OBJC_ROOT_CLASS = YES_ERROR;
				CLANG_WARN_QUOTED_INCLUDE_IN_FRAMEWORK_HEADER = YES;
				CLANG_WARN_RANGE_LOOP_ANALYSIS = YES;
				CLANG_WARN_STRICT_PROTOTYPES = YES;
				CLANG_WARN_SUSPICIOUS_MOVE = YES;
				CLANG_WARN_UNGUARDED_AVAILABILITY = YES_AGGRESSIVE;
				CLANG_WARN_UNREACHABLE_CODE = YES;
				CLANG_WARN__DUPLICATE_METHOD_MATCH = YES;
				COPY_PHASE_STRIP = NO;
				DEBUG_INFORMATION_FORMAT = dwarf;
				ENABLE_STRICT_OBJC_MSGSEND = YES;
				ENABLE_TESTABILITY = YES;
				ENABLE_USER_SCRIPT_SANDBOXING = NO;
				GCC_C_LANGUAGE_STANDARD = gnu17;
				GCC_DYNAMIC_NO_PIC = NO;
				GCC_NO_COMMON_BLOCKS = YES;
				GCC_OPTIMIZATION_LEVEL = 0;
				GCC_PREPROCESSOR_DEFINITIONS = (
					"DEBUG=1",
					"$(inherited)",
				);
				GCC_WARN_64_TO_32_BIT_CONVERSION = YES;
				GCC_WARN_ABOUT_RETURN_TYPE = YES_ERROR;
				GCC_WARN_UNDECLARED_SELECTOR = YES;
				GCC_WARN_UNINITIALIZED_AUTOS = YES_AGGRESSIVE;
				GCC_WARN_UNUSED_FUNCTION = YES;
				GCC_WARN_UNUSED_VARIABLE = YES;
				IPHONEOS_DEPLOYMENT_TARGET = 17.2;
				LOCALIZATION_PREFERS_STRING_CATALOGS = YES;
				MTL_ENABLE_DEBUG_INFO = INCLUDE_SOURCE;
				MTL_FAST_MATH = YES;
				ONLY_ACTIVE_ARCH = YES;
				SDKROOT = iphoneos;
				SWIFT_ACTIVE_COMPILATION_CONDITIONS = "DEBUG $(inherited)";
				SWIFT_OPTIMIZATION_LEVEL = "-Onone";
			};
			name = Debug;
		};
		C34475AE2B760C78008782B0 /* Release */ = {
			isa = XCBuildConfiguration;
			buildSettings = {
				ALWAYS_SEARCH_USER_PATHS = NO;
				ASSETCATALOG_COMPILER_GENERATE_SWIFT_ASSET_SYMBOL_EXTENSIONS = YES;
				CLANG_ANALYZER_NONNULL = YES;
				CLANG_ANALYZER_NUMBER_OBJECT_CONVERSION = YES_AGGRESSIVE;
				CLANG_CXX_LANGUAGE_STANDARD = "gnu++20";
				CLANG_ENABLE_MODULES = YES;
				CLANG_ENABLE_OBJC_ARC = YES;
				CLANG_ENABLE_OBJC_WEAK = YES;
				CLANG_WARN_BLOCK_CAPTURE_AUTORELEASING = YES;
				CLANG_WARN_BOOL_CONVERSION = YES;
				CLANG_WARN_COMMA = YES;
				CLANG_WARN_CONSTANT_CONVERSION = YES;
				CLANG_WARN_DEPRECATED_OBJC_IMPLEMENTATIONS = YES;
				CLANG_WARN_DIRECT_OBJC_ISA_USAGE = YES_ERROR;
				CLANG_WARN_DOCUMENTATION_COMMENTS = YES;
				CLANG_WARN_EMPTY_BODY = YES;
				CLANG_WARN_ENUM_CONVERSION = YES;
				CLANG_WARN_INFINITE_RECURSION = YES;
				CLANG_WARN_INT_CONVERSION = YES;
				CLANG_WARN_NON_LITERAL_NULL_CONVERSION = YES;
				CLANG_WARN_OBJC_IMPLICIT_RETAIN_SELF = YES;
				CLANG_WARN_OBJC_LITERAL_CONVERSION = YES;
				CLANG_WARN_OBJC_ROOT_CLASS = YES_ERROR;
				CLANG_WARN_QUOTED_INCLUDE_IN_FRAMEWORK_HEADER = YES;
				CLANG_WARN_RANGE_LOOP_ANALYSIS = YES;
				CLANG_WARN_STRICT_PROTOTYPES = YES;
				CLANG_WARN_SUSPICIOUS_MOVE = YES;
				CLANG_WARN_UNGUARDED_AVAILABILITY = YES_AGGRESSIVE;
				CLANG_WARN_UNREACHABLE_CODE = YES;
				CLANG_WARN__DUPLICATE_METHOD_MATCH = YES;
				COPY_PHASE_STRIP = NO;
				DEBUG_INFORMATION_FORMAT = "dwarf-with-dsym";
				ENABLE_NS_ASSERTIONS = NO;
				ENABLE_STRICT_OBJC_MSGSEND = YES;
				ENABLE_USER_SCRIPT_SANDBOXING = NO;
				GCC_C_LANGUAGE_STANDARD = gnu17;
				GCC_NO_COMMON_BLOCKS = YES;
				GCC_WARN_64_TO_32_BIT_CONVERSION = YES;
				GCC_WARN_ABOUT_RETURN_TYPE = YES_ERROR;
				GCC_WARN_UNDECLARED_SELECTOR = YES;
				GCC_WARN_UNINITIALIZED_AUTOS = YES_AGGRESSIVE;
				GCC_WARN_UNUSED_FUNCTION = YES;
				GCC_WARN_UNUSED_VARIABLE = YES;
				IPHONEOS_DEPLOYMENT_TARGET = 17.2;
				LOCALIZATION_PREFERS_STRING_CATALOGS = YES;
				MTL_ENABLE_DEBUG_INFO = NO;
				MTL_FAST_MATH = YES;
				SDKROOT = iphoneos;
				SWIFT_COMPILATION_MODE = wholemodule;
				VALIDATE_PRODUCT = YES;
			};
			name = Release;
		};
		C34475B02B760C78008782B0 /* Debug */ = {
			isa = XCBuildConfiguration;
			baseConfigurationReference = 48D920BABF454F1DC8811FC0 /* Pods-KBDashBoard.debug.xcconfig */;
			buildSettings = {
				ASSETCATALOG_COMPILER_APPICON_NAME = AppIcon;
				ASSETCATALOG_COMPILER_GLOBAL_ACCENT_COLOR_NAME = AccentColor;
				CODE_SIGN_STYLE = Automatic;
				CURRENT_PROJECT_VERSION = 1;
				GENERATE_INFOPLIST_FILE = YES;
				INFOPLIST_FILE = KBDashBoard/Info.plist;
				INFOPLIST_KEY_UIApplicationSupportsIndirectInputEvents = YES;
				INFOPLIST_KEY_UILaunchStoryboardName = LaunchScreen;
				INFOPLIST_KEY_UIMainStoryboardFile = Main;
				INFOPLIST_KEY_UISupportedInterfaceOrientations_iPad = "UIInterfaceOrientationPortrait UIInterfaceOrientationPortraitUpsideDown UIInterfaceOrientationLandscapeLeft UIInterfaceOrientationLandscapeRight";
				INFOPLIST_KEY_UISupportedInterfaceOrientations_iPhone = "UIInterfaceOrientationPortrait UIInterfaceOrientationLandscapeLeft UIInterfaceOrientationLandscapeRight";
				LD_RUNPATH_SEARCH_PATHS = (
					"$(inherited)",
					"@executable_path/Frameworks",
				);
				MARKETING_VERSION = 1.0;
				PRODUCT_BUNDLE_IDENTIFIER = com.rajesh.trainee.KBDashBoard;
				PRODUCT_NAME = "$(TARGET_NAME)";
				SWIFT_EMIT_LOC_STRINGS = YES;
				SWIFT_VERSION = 5.0;
				TARGETED_DEVICE_FAMILY = "1,2";
			};
			name = Debug;
		};
		C34475B12B760C78008782B0 /* Release */ = {
			isa = XCBuildConfiguration;
			baseConfigurationReference = 144EAB19D9F6C90EAC42B6DE /* Pods-KBDashBoard.release.xcconfig */;
			buildSettings = {
				ASSETCATALOG_COMPILER_APPICON_NAME = AppIcon;
				ASSETCATALOG_COMPILER_GLOBAL_ACCENT_COLOR_NAME = AccentColor;
				CODE_SIGN_STYLE = Automatic;
				CURRENT_PROJECT_VERSION = 1;
				GENERATE_INFOPLIST_FILE = YES;
				INFOPLIST_FILE = KBDashBoard/Info.plist;
				INFOPLIST_KEY_UIApplicationSupportsIndirectInputEvents = YES;
				INFOPLIST_KEY_UILaunchStoryboardName = LaunchScreen;
				INFOPLIST_KEY_UIMainStoryboardFile = Main;
				INFOPLIST_KEY_UISupportedInterfaceOrientations_iPad = "UIInterfaceOrientationPortrait UIInterfaceOrientationPortraitUpsideDown UIInterfaceOrientationLandscapeLeft UIInterfaceOrientationLandscapeRight";
				INFOPLIST_KEY_UISupportedInterfaceOrientations_iPhone = "UIInterfaceOrientationPortrait UIInterfaceOrientationLandscapeLeft UIInterfaceOrientationLandscapeRight";
				LD_RUNPATH_SEARCH_PATHS = (
					"$(inherited)",
					"@executable_path/Frameworks",
				);
				MARKETING_VERSION = 1.0;
				PRODUCT_BUNDLE_IDENTIFIER = com.rajesh.trainee.KBDashBoard;
				PRODUCT_NAME = "$(TARGET_NAME)";
				SWIFT_EMIT_LOC_STRINGS = YES;
				SWIFT_VERSION = 5.0;
				TARGETED_DEVICE_FAMILY = "1,2";
			};
			name = Release;
		};
/* End XCBuildConfiguration section */

/* Begin XCConfigurationList section */
		C34475932B760C76008782B0 /* Build configuration list for PBXProject "KBDashBoard" */ = {
			isa = XCConfigurationList;
			buildConfigurations = (
				C34475AD2B760C78008782B0 /* Debug */,
				C34475AE2B760C78008782B0 /* Release */,
			);
			defaultConfigurationIsVisible = 0;
			defaultConfigurationName = Release;
		};
		C34475AF2B760C78008782B0 /* Build configuration list for PBXNativeTarget "KBDashBoard" */ = {
			isa = XCConfigurationList;
			buildConfigurations = (
				C34475B02B760C78008782B0 /* Debug */,
				C34475B12B760C78008782B0 /* Release */,
			);
			defaultConfigurationIsVisible = 0;
			defaultConfigurationName = Release;
		};
/* End XCConfigurationList section */

/* Begin XCVersionGroup section */
		C34475A42B760C76008782B0 /* KBDashBoard.xcdatamodeld */ = {
			isa = XCVersionGroup;
			children = (
				C34475A52B760C76008782B0 /* KBDashBoard.xcdatamodel */,
			);
			currentVersion = C34475A52B760C76008782B0 /* KBDashBoard.xcdatamodel */;
			path = KBDashBoard.xcdatamodeld;
			sourceTree = "<group>";
			versionGroupType = wrapper.xcdatamodel;
		};
/* End XCVersionGroup section */
	};
	rootObject = C34475902B760C76008782B0 /* Project object */;
}
